# THIS IS AN AUTOGENERATED FILE. DO NOT EDIT THIS FILE DIRECTLY.
# yarn lockfile v1


gsap@^3.0.4:
  version "3.0.4"
  resolved "https://registry.yarnpkg.com/gsap/-/gsap-3.0.4.tgz#865d2b1d5b2d8afad272e96d15f43e5409ab2b29"
  integrity sha512-l3fmElGrXt94zor+H2MxN5l5KBjUebL070MNOzkbF5tG2W303NwIc7eoge/Ic7XxLT98RA3x/sGqZ1UwzalckQ==
